// !$*UTF8*$!
{
	archiveVersion = 1;
	classes = {
	};
	objectVersion = 56;
	objects = {

/* Begin PBXBuildFile section */
		AE02E482290D83B100CCAE15 /* AppDelegate.swift in Sources */ = {isa = PBXBuildFile; fileRef = AE02E481290D83B100CCAE15 /* AppDelegate.swift */; };
		AE02E484290D83B100CCAE15 /* SceneDelegate.swift in Sources */ = {isa = PBXBuildFile; fileRef = AE02E483290D83B100CCAE15 /* SceneDelegate.swift */; };
		AE02E489290D83B100CCAE15 /* Main.storyboard in Resources */ = {isa = PBXBuildFile; fileRef = AE02E487290D83B100CCAE15 /* Main.storyboard */; };
		AE02E48B290D83B200CCAE15 /* Assets.xcassets in Resources */ = {isa = PBXBuildFile; fileRef = AE02E48A290D83B200CCAE15 /* Assets.xcassets */; };
		AE02E48E290D83B200CCAE15 /* LaunchScreen.storyboard in Resources */ = {isa = PBXBuildFile; fileRef = AE02E48C290D83B200CCAE15 /* LaunchScreen.storyboard */; };
		AE02E498290D877300CCAE15 /* BoxOfficeViewController.swift in Sources */ = {isa = PBXBuildFile; fileRef = AE02E497290D877300CCAE15 /* BoxOfficeViewController.swift */; };
		AE02E49A290D877D00CCAE15 /* BoxOfficeViewModel.swift in Sources */ = {isa = PBXBuildFile; fileRef = AE02E499290D877D00CCAE15 /* BoxOfficeViewModel.swift */; };
		AE02E49C290D878900CCAE15 /* BoxOfficeView.swift in Sources */ = {isa = PBXBuildFile; fileRef = AE02E49B290D878900CCAE15 /* BoxOfficeView.swift */; };
		AE02E4A0290D880500CCAE15 /* BoxOfficeModel.swift in Sources */ = {isa = PBXBuildFile; fileRef = AE02E49F290D880500CCAE15 /* BoxOfficeModel.swift */; };
		AE02E4A2290D883C00CCAE15 /* APIService.swift in Sources */ = {isa = PBXBuildFile; fileRef = AE02E4A1290D883C00CCAE15 /* APIService.swift */; };
		AE02E4A7290D89EE00CCAE15 /* .gitignore in Resources */ = {isa = PBXBuildFile; fileRef = AE02E4A6290D89EE00CCAE15 /* .gitignore */; };
		AE02E4AC290D8AEE00CCAE15 /* APIKey.swift in Sources */ = {isa = PBXBuildFile; fileRef = AE02E4AB290D8AEE00CCAE15 /* APIKey.swift */; };
		AE02E4AE290D8B4100CCAE15 /* UIViewController+Extension.swift in Sources */ = {isa = PBXBuildFile; fileRef = AE02E4AD290D8B4100CCAE15 /* UIViewController+Extension.swift */; };
		AE02E4B0290D8B6E00CCAE15 /* ReusableProtocol.swift in Sources */ = {isa = PBXBuildFile; fileRef = AE02E4AF290D8B6E00CCAE15 /* ReusableProtocol.swift */; };
		AE02E4B2290D8BB600CCAE15 /* CObservable.swift in Sources */ = {isa = PBXBuildFile; fileRef = AE02E4B1290D8BB600CCAE15 /* CObservable.swift */; };
		AE02E4B4290E60DA00CCAE15 /* BoxOfficeColletionViewCell.swift in Sources */ = {isa = PBXBuildFile; fileRef = AE02E4B3290E60DA00CCAE15 /* BoxOfficeColletionViewCell.swift */; };
		AE02E4B7290E9D6C00CCAE15 /* RxCocoa in Frameworks */ = {isa = PBXBuildFile; productRef = AE02E4B6290E9D6C00CCAE15 /* RxCocoa */; };
		AE02E4B9290E9D6C00CCAE15 /* RxSwift in Frameworks */ = {isa = PBXBuildFile; productRef = AE02E4B8290E9D6C00CCAE15 /* RxSwift */; };
		AE02E4BC290E9D7B00CCAE15 /* Then in Frameworks */ = {isa = PBXBuildFile; productRef = AE02E4BB290E9D7B00CCAE15 /* Then */; };
		AE02E4BF290E9D8A00CCAE15 /* SnapKit in Frameworks */ = {isa = PBXBuildFile; productRef = AE02E4BE290E9D8A00CCAE15 /* SnapKit */; };
		AE02E4C2290E9D9800CCAE15 /* Alamofire in Frameworks */ = {isa = PBXBuildFile; productRef = AE02E4C1290E9D9800CCAE15 /* Alamofire */; };
		AEF17982290EA609004C7591 /* EndPoint.swift in Sources */ = {isa = PBXBuildFile; fileRef = AEF17981290EA609004C7591 /* EndPoint.swift */; };
/* End PBXBuildFile section */

/* Begin PBXFileReference section */
		AE02E47E290D83B100CCAE15 /* RxSwift_Study.app */ = {isa = PBXFileReference; explicitFileType = wrapper.application; includeInIndex = 0; path = RxSwift_Study.app; sourceTree = BUILT_PRODUCTS_DIR; };
		AE02E481290D83B100CCAE15 /* AppDelegate.swift */ = {isa = PBXFileReference; lastKnownFileType = sourcecode.swift; path = AppDelegate.swift; sourceTree = "<group>"; };
		AE02E483290D83B100CCAE15 /* SceneDelegate.swift */ = {isa = PBXFileReference; lastKnownFileType = sourcecode.swift; path = SceneDelegate.swift; sourceTree = "<group>"; };
		AE02E488290D83B100CCAE15 /* Base */ = {isa = PBXFileReference; lastKnownFileType = file.storyboard; name = Base; path = Base.lproj/Main.storyboard; sourceTree = "<group>"; };
		AE02E48A290D83B200CCAE15 /* Assets.xcassets */ = {isa = PBXFileReference; lastKnownFileType = folder.assetcatalog; path = Assets.xcassets; sourceTree = "<group>"; };
		AE02E48D290D83B200CCAE15 /* Base */ = {isa = PBXFileReference; lastKnownFileType = file.storyboard; name = Base; path = Base.lproj/LaunchScreen.storyboard; sourceTree = "<group>"; };
		AE02E48F290D83B200CCAE15 /* Info.plist */ = {isa = PBXFileReference; lastKnownFileType = text.plist.xml; path = Info.plist; sourceTree = "<group>"; };
		AE02E497290D877300CCAE15 /* BoxOfficeViewController.swift */ = {isa = PBXFileReference; lastKnownFileType = sourcecode.swift; path = BoxOfficeViewController.swift; sourceTree = "<group>"; };
		AE02E499290D877D00CCAE15 /* BoxOfficeViewModel.swift */ = {isa = PBXFileReference; lastKnownFileType = sourcecode.swift; path = BoxOfficeViewModel.swift; sourceTree = "<group>"; };
		AE02E49B290D878900CCAE15 /* BoxOfficeView.swift */ = {isa = PBXFileReference; lastKnownFileType = sourcecode.swift; path = BoxOfficeView.swift; sourceTree = "<group>"; };
		AE02E49F290D880500CCAE15 /* BoxOfficeModel.swift */ = {isa = PBXFileReference; lastKnownFileType = sourcecode.swift; path = BoxOfficeModel.swift; sourceTree = "<group>"; };
		AE02E4A1290D883C00CCAE15 /* APIService.swift */ = {isa = PBXFileReference; lastKnownFileType = sourcecode.swift; path = APIService.swift; sourceTree = "<group>"; };
		AE02E4A6290D89EE00CCAE15 /* .gitignore */ = {isa = PBXFileReference; lastKnownFileType = text; path = .gitignore; sourceTree = "<group>"; };
		AE02E4AB290D8AEE00CCAE15 /* APIKey.swift */ = {isa = PBXFileReference; lastKnownFileType = sourcecode.swift; path = APIKey.swift; sourceTree = "<group>"; };
		AE02E4AD290D8B4100CCAE15 /* UIViewController+Extension.swift */ = {isa = PBXFileReference; lastKnownFileType = sourcecode.swift; path = "UIViewController+Extension.swift"; sourceTree = "<group>"; };
		AE02E4AF290D8B6E00CCAE15 /* ReusableProtocol.swift */ = {isa = PBXFileReference; lastKnownFileType = sourcecode.swift; path = ReusableProtocol.swift; sourceTree = "<group>"; };
		AE02E4B1290D8BB600CCAE15 /* CObservable.swift */ = {isa = PBXFileReference; lastKnownFileType = sourcecode.swift; path = CObservable.swift; sourceTree = "<group>"; };
		AE02E4B3290E60DA00CCAE15 /* BoxOfficeColletionViewCell.swift */ = {isa = PBXFileReference; lastKnownFileType = sourcecode.swift; path = BoxOfficeColletionViewCell.swift; sourceTree = "<group>"; };
		AEF17981290EA609004C7591 /* EndPoint.swift */ = {isa = PBXFileReference; lastKnownFileType = sourcecode.swift; path = EndPoint.swift; sourceTree = "<group>"; };
/* End PBXFileReference section */

/* Begin PBXFrameworksBuildPhase section */
		AE02E47B290D83B100CCAE15 /* Frameworks */ = {
			isa = PBXFrameworksBuildPhase;
			buildActionMask = 2147483647;
			files = (
				AE02E4C2290E9D9800CCAE15 /* Alamofire in Frameworks */,
				AE02E4B9290E9D6C00CCAE15 /* RxSwift in Frameworks */,
				AE02E4BF290E9D8A00CCAE15 /* SnapKit in Frameworks */,
				AE02E4BC290E9D7B00CCAE15 /* Then in Frameworks */,
				AE02E4B7290E9D6C00CCAE15 /* RxCocoa in Frameworks */,
			);
			runOnlyForDeploymentPostprocessing = 0;
		};
/* End PBXFrameworksBuildPhase section */

/* Begin PBXGroup section */
		AE02E475290D83B100CCAE15 = {
			isa = PBXGroup;
			children = (
				AE02E4A6290D89EE00CCAE15 /* .gitignore */,
				AE02E480290D83B100CCAE15 /* RxSwift_Study */,
				AE02E47F290D83B100CCAE15 /* Products */,
			);
			sourceTree = "<group>";
		};
		AE02E47F290D83B100CCAE15 /* Products */ = {
			isa = PBXGroup;
			children = (
				AE02E47E290D83B100CCAE15 /* RxSwift_Study.app */,
			);
			name = Products;
			sourceTree = "<group>";
		};
		AE02E480290D83B100CCAE15 /* RxSwift_Study */ = {
			isa = PBXGroup;
			children = (
				AE02E4AA290D8AC800CCAE15 /* Network */,
				AE02E4A5290D885E00CCAE15 /* Resource */,
				AE02E4A4290D884D00CCAE15 /* Application */,
				AE02E4A3290D884700CCAE15 /* Global */,
				AE02E496290D875100CCAE15 /* BoxOffice_Example */,
				AE02E495290D846800CCAE15 /* Github_Example */,
				AE02E48F290D83B200CCAE15 /* Info.plist */,
			);
			path = RxSwift_Study;
			sourceTree = "<group>";
		};
		AE02E495290D846800CCAE15 /* Github_Example */ = {
			isa = PBXGroup;
			children = (
			);
			path = Github_Example;
			sourceTree = "<group>";
		};
		AE02E496290D875100CCAE15 /* BoxOffice_Example */ = {
			isa = PBXGroup;
			children = (
				AE02E497290D877300CCAE15 /* BoxOfficeViewController.swift */,
				AE02E499290D877D00CCAE15 /* BoxOfficeViewModel.swift */,
				AE02E49B290D878900CCAE15 /* BoxOfficeView.swift */,
				AE02E49F290D880500CCAE15 /* BoxOfficeModel.swift */,
				AE02E4B3290E60DA00CCAE15 /* BoxOfficeColletionViewCell.swift */,
			);
			path = BoxOffice_Example;
			sourceTree = "<group>";
		};
		AE02E4A3290D884700CCAE15 /* Global */ = {
			isa = PBXGroup;
			children = (
				AE02E4A9290D8AA200CCAE15 /* Extension */,
				AE02E4A8290D8A9A00CCAE15 /* Protocol */,
				AE02E4B1290D8BB600CCAE15 /* CObservable.swift */,
			);
			name = Global;
			sourceTree = "<group>";
		};
		AE02E4A4290D884D00CCAE15 /* Application */ = {
			isa = PBXGroup;
			children = (
				AE02E481290D83B100CCAE15 /* AppDelegate.swift */,
				AE02E483290D83B100CCAE15 /* SceneDelegate.swift */,
			);
			name = Application;
			sourceTree = "<group>";
		};
		AE02E4A5290D885E00CCAE15 /* Resource */ = {
			isa = PBXGroup;
			children = (
				AE02E487290D83B100CCAE15 /* Main.storyboard */,
				AE02E48A290D83B200CCAE15 /* Assets.xcassets */,
				AE02E48C290D83B200CCAE15 /* LaunchScreen.storyboard */,
			);
			name = Resource;
			sourceTree = "<group>";
		};
		AE02E4A8290D8A9A00CCAE15 /* Protocol */ = {
			isa = PBXGroup;
			children = (
				AE02E4AF290D8B6E00CCAE15 /* ReusableProtocol.swift */,
			);
			name = Protocol;
			sourceTree = "<group>";
		};
		AE02E4A9290D8AA200CCAE15 /* Extension */ = {
			isa = PBXGroup;
			children = (
				AE02E4AD290D8B4100CCAE15 /* UIViewController+Extension.swift */,
			);
			path = Extension;
			sourceTree = "<group>";
		};
		AE02E4AA290D8AC800CCAE15 /* Network */ = {
			isa = PBXGroup;
			children = (
				AE02E4A1290D883C00CCAE15 /* APIService.swift */,
				AE02E4AB290D8AEE00CCAE15 /* APIKey.swift */,
				AEF17981290EA609004C7591 /* EndPoint.swift */,
			);
			path = Network;
			sourceTree = "<group>";
		};
/* End PBXGroup section */

/* Begin PBXNativeTarget section */
		AE02E47D290D83B100CCAE15 /* RxSwift_Study */ = {
			isa = PBXNativeTarget;
			buildConfigurationList = AE02E492290D83B200CCAE15 /* Build configuration list for PBXNativeTarget "RxSwift_Study" */;
			buildPhases = (
				AE02E47A290D83B100CCAE15 /* Sources */,
				AE02E47B290D83B100CCAE15 /* Frameworks */,
				AE02E47C290D83B100CCAE15 /* Resources */,
			);
			buildRules = (
			);
			dependencies = (
			);
			name = RxSwift_Study;
			packageProductDependencies = (
				AE02E4B6290E9D6C00CCAE15 /* RxCocoa */,
				AE02E4B8290E9D6C00CCAE15 /* RxSwift */,
				AE02E4BB290E9D7B00CCAE15 /* Then */,
				AE02E4BE290E9D8A00CCAE15 /* SnapKit */,
				AE02E4C1290E9D9800CCAE15 /* Alamofire */,
			);
			productName = RxSwift_Study;
			productReference = AE02E47E290D83B100CCAE15 /* RxSwift_Study.app */;
			productType = "com.apple.product-type.application";
		};
/* End PBXNativeTarget section */

/* Begin PBXProject section */
		AE02E476290D83B100CCAE15 /* Project object */ = {
			isa = PBXProject;
			attributes = {
				BuildIndependentTargetsInParallel = 1;
				LastSwiftUpdateCheck = 1400;
				LastUpgradeCheck = 1400;
				TargetAttributes = {
					AE02E47D290D83B100CCAE15 = {
						CreatedOnToolsVersion = 14.0.1;
					};
				};
			};
			buildConfigurationList = AE02E479290D83B100CCAE15 /* Build configuration list for PBXProject "RxSwift_Study" */;
			compatibilityVersion = "Xcode 14.0";
			developmentRegion = en;
			hasScannedForEncodings = 0;
			knownRegions = (
				en,
				Base,
			);
			mainGroup = AE02E475290D83B100CCAE15;
			packageReferences = (
				AE02E4B5290E9D6C00CCAE15 /* XCRemoteSwiftPackageReference "RxSwift" */,
				AE02E4BA290E9D7B00CCAE15 /* XCRemoteSwiftPackageReference "Then" */,
				AE02E4BD290E9D8A00CCAE15 /* XCRemoteSwiftPackageReference "SnapKit" */,
				AE02E4C0290E9D9800CCAE15 /* XCRemoteSwiftPackageReference "Alamofire" */,
			);
			productRefGroup = AE02E47F290D83B100CCAE15 /* Products */;
			projectDirPath = "";
			projectRoot = "";
			targets = (
				AE02E47D290D83B100CCAE15 /* RxSwift_Study */,
			);
		};
/* End PBXProject section */

/* Begin PBXResourcesBuildPhase section */
		AE02E47C290D83B100CCAE15 /* Resources */ = {
			isa = PBXResourcesBuildPhase;
			buildActionMask = 2147483647;
			files = (
				AE02E4A7290D89EE00CCAE15 /* .gitignore in Resources */,
				AE02E48E290D83B200CCAE15 /* LaunchScreen.storyboard in Resources */,
				AE02E48B290D83B200CCAE15 /* Assets.xcassets in Resources */,
				AE02E489290D83B100CCAE15 /* Main.storyboard in Resources */,
			);
			runOnlyForDeploymentPostprocessing = 0;
		};
/* End PBXResourcesBuildPhase section */

/* Begin PBXSourcesBuildPhase section */
		AE02E47A290D83B100CCAE15 /* Sources */ = {
			isa = PBXSourcesBuildPhase;
			buildActionMask = 2147483647;
			files = (
				AEF17982290EA609004C7591 /* EndPoint.swift in Sources */,
				AE02E49C290D878900CCAE15 /* BoxOfficeView.swift in Sources */,
				AE02E498290D877300CCAE15 /* BoxOfficeViewController.swift in Sources */,
				AE02E482290D83B100CCAE15 /* AppDelegate.swift in Sources */,
				AE02E484290D83B100CCAE15 /* SceneDelegate.swift in Sources */,
				AE02E4B4290E60DA00CCAE15 /* BoxOfficeColletionViewCell.swift in Sources */,
				AE02E4B2290D8BB600CCAE15 /* CObservable.swift in Sources */,
				AE02E4B0290D8B6E00CCAE15 /* ReusableProtocol.swift in Sources */,
				AE02E4A0290D880500CCAE15 /* BoxOfficeModel.swift in Sources */,
				AE02E49A290D877D00CCAE15 /* BoxOfficeViewModel.swift in Sources */,
				AE02E4A2290D883C00CCAE15 /* APIService.swift in Sources */,
				AE02E4AC290D8AEE00CCAE15 /* APIKey.swift in Sources */,
				AE02E4AE290D8B4100CCAE15 /* UIViewController+Extension.swift in Sources */,
			);
			runOnlyForDeploymentPostprocessing = 0;
		};
/* End PBXSourcesBuildPhase section */

/* Begin PBXVariantGroup section */
		AE02E487290D83B100CCAE15 /* Main.storyboard */ = {
			isa = PBXVariantGroup;
			children = (
				AE02E488290D83B100CCAE15 /* Base */,
			);
			name = Main.storyboard;
			sourceTree = "<group>";
		};
		AE02E48C290D83B200CCAE15 /* LaunchScreen.storyboard */ = {
			isa = PBXVariantGroup;
			children = (
				AE02E48D290D83B200CCAE15 /* Base */,
			);
			name = LaunchScreen.storyboard;
			sourceTree = "<group>";
		};
/* End PBXVariantGroup section */

/* Begin XCBuildConfiguration section */
		AE02E490290D83B200CCAE15 /* Debug */ = {
			isa = XCBuildConfiguration;
			buildSettings = {
				ALWAYS_SEARCH_USER_PATHS = NO;
				CLANG_ANALYZER_NONNULL = YES;
				CLANG_ANALYZER_NUMBER_OBJECT_CONVERSION = YES_AGGRESSIVE;
				CLANG_CXX_LANGUAGE_STANDARD = "gnu++20";
				CLANG_ENABLE_MODULES = YES;
				CLANG_ENABLE_OBJC_ARC = YES;
				CLANG_ENABLE_OBJC_WEAK = YES;
				CLANG_WARN_BLOCK_CAPTURE_AUTORELEASING = YES;
				CLANG_WARN_BOOL_CONVERSION = YES;
				CLANG_WARN_COMMA = YES;
				CLANG_WARN_CONSTANT_CONVERSION = YES;
				CLANG_WARN_DEPRECATED_OBJC_IMPLEMENTATIONS = YES;
				CLANG_WARN_DIRECT_OBJC_ISA_USAGE = YES_ERROR;
				CLANG_WARN_DOCUMENTATION_COMMENTS = YES;
				CLANG_WARN_EMPTY_BODY = YES;
				CLANG_WARN_ENUM_CONVERSION = YES;
				CLANG_WARN_INFINITE_RECURSION = YES;
				CLANG_WARN_INT_CONVERSION = YES;
				CLANG_WARN_NON_LITERAL_NULL_CONVERSION = YES;
				CLANG_WARN_OBJC_IMPLICIT_RETAIN_SELF = YES;
				CLANG_WARN_OBJC_LITERAL_CONVERSION = YES;
				CLANG_WARN_OBJC_ROOT_CLASS = YES_ERROR;
				CLANG_WARN_QUOTED_INCLUDE_IN_FRAMEWORK_HEADER = YES;
				CLANG_WARN_RANGE_LOOP_ANALYSIS = YES;
				CLANG_WARN_STRICT_PROTOTYPES = YES;
				CLANG_WARN_SUSPICIOUS_MOVE = YES;
				CLANG_WARN_UNGUARDED_AVAILABILITY = YES_AGGRESSIVE;
				CLANG_WARN_UNREACHABLE_CODE = YES;
				CLANG_WARN__DUPLICATE_METHOD_MATCH = YES;
				COPY_PHASE_STRIP = NO;
				DEBUG_INFORMATION_FORMAT = dwarf;
				ENABLE_STRICT_OBJC_MSGSEND = YES;
				ENABLE_TESTABILITY = YES;
				GCC_C_LANGUAGE_STANDARD = gnu11;
				GCC_DYNAMIC_NO_PIC = NO;
				GCC_NO_COMMON_BLOCKS = YES;
				GCC_OPTIMIZATION_LEVEL = 0;
				GCC_PREPROCESSOR_DEFINITIONS = (
					"DEBUG=1",
					"$(inherited)",
				);
				GCC_WARN_64_TO_32_BIT_CONVERSION = YES;
				GCC_WARN_ABOUT_RETURN_TYPE = YES_ERROR;
				GCC_WARN_UNDECLARED_SELECTOR = YES;
				GCC_WARN_UNINITIALIZED_AUTOS = YES_AGGRESSIVE;
				GCC_WARN_UNUSED_FUNCTION = YES;
				GCC_WARN_UNUSED_VARIABLE = YES;
				IPHONEOS_DEPLOYMENT_TARGET = 16.0;
				MTL_ENABLE_DEBUG_INFO = INCLUDE_SOURCE;
				MTL_FAST_MATH = YES;
				ONLY_ACTIVE_ARCH = YES;
				SDKROOT = iphoneos;
				SWIFT_ACTIVE_COMPILATION_CONDITIONS = DEBUG;
				SWIFT_OPTIMIZATION_LEVEL = "-Onone";
			};
			name = Debug;
		};
		AE02E491290D83B200CCAE15 /* Release */ = {
			isa = XCBuildConfiguration;
			buildSettings = {
				ALWAYS_SEARCH_USER_PATHS = NO;
				CLANG_ANALYZER_NONNULL = YES;
				CLANG_ANALYZER_NUMBER_OBJECT_CONVERSION = YES_AGGRESSIVE;
				CLANG_CXX_LANGUAGE_STANDARD = "gnu++20";
				CLANG_ENABLE_MODULES = YES;
				CLANG_ENABLE_OBJC_ARC = YES;
				CLANG_ENABLE_OBJC_WEAK = YES;
				CLANG_WARN_BLOCK_CAPTURE_AUTORELEASING = YES;
				CLANG_WARN_BOOL_CONVERSION = YES;
				CLANG_WARN_COMMA = YES;
				CLANG_WARN_CONSTANT_CONVERSION = YES;
				CLANG_WARN_DEPRECATED_OBJC_IMPLEMENTATIONS = YES;
				CLANG_WARN_DIRECT_OBJC_ISA_USAGE = YES_ERROR;
				CLANG_WARN_DOCUMENTATION_COMMENTS = YES;
				CLANG_WARN_EMPTY_BODY = YES;
				CLANG_WARN_ENUM_CONVERSION = YES;
				CLANG_WARN_INFINITE_RECURSION = YES;
				CLANG_WARN_INT_CONVERSION = YES;
				CLANG_WARN_NON_LITERAL_NULL_CONVERSION = YES;
				CLANG_WARN_OBJC_IMPLICIT_RETAIN_SELF = YES;
				CLANG_WARN_OBJC_LITERAL_CONVERSION = YES;
				CLANG_WARN_OBJC_ROOT_CLASS = YES_ERROR;
				CLANG_WARN_QUOTED_INCLUDE_IN_FRAMEWORK_HEADER = YES;
				CLANG_WARN_RANGE_LOOP_ANALYSIS = YES;
				CLANG_WARN_STRICT_PROTOTYPES = YES;
				CLANG_WARN_SUSPICIOUS_MOVE = YES;
				CLANG_WARN_UNGUARDED_AVAILABILITY = YES_AGGRESSIVE;
				CLANG_WARN_UNREACHABLE_CODE = YES;
				CLANG_WARN__DUPLICATE_METHOD_MATCH = YES;
				COPY_PHASE_STRIP = NO;
				DEBUG_INFORMATION_FORMAT = "dwarf-with-dsym";
				ENABLE_NS_ASSERTIONS = NO;
				ENABLE_STRICT_OBJC_MSGSEND = YES;
				GCC_C_LANGUAGE_STANDARD = gnu11;
				GCC_NO_COMMON_BLOCKS = YES;
				GCC_WARN_64_TO_32_BIT_CONVERSION = YES;
				GCC_WARN_ABOUT_RETURN_TYPE = YES_ERROR;
				GCC_WARN_UNDECLARED_SELECTOR = YES;
				GCC_WARN_UNINITIALIZED_AUTOS = YES_AGGRESSIVE;
				GCC_WARN_UNUSED_FUNCTION = YES;
				GCC_WARN_UNUSED_VARIABLE = YES;
				IPHONEOS_DEPLOYMENT_TARGET = 16.0;
				MTL_ENABLE_DEBUG_INFO = NO;
				MTL_FAST_MATH = YES;
				SDKROOT = iphoneos;
				SWIFT_COMPILATION_MODE = wholemodule;
				SWIFT_OPTIMIZATION_LEVEL = "-O";
				VALIDATE_PRODUCT = YES;
			};
			name = Release;
		};
		AE02E493290D83B200CCAE15 /* Debug */ = {
			isa = XCBuildConfiguration;
			buildSettings = {
				ASSETCATALOG_COMPILER_APPICON_NAME = AppIcon;
				ASSETCATALOG_COMPILER_GLOBAL_ACCENT_COLOR_NAME = AccentColor;
				CODE_SIGN_STYLE = Automatic;
				CURRENT_PROJECT_VERSION = 1;
				DEVELOPMENT_TEAM = 7HN73WS8Q5;
				GENERATE_INFOPLIST_FILE = YES;
				INFOPLIST_FILE = RxSwift_Study/Info.plist;
				INFOPLIST_KEY_UIApplicationSupportsIndirectInputEvents = YES;
				INFOPLIST_KEY_UILaunchStoryboardName = LaunchScreen;
				INFOPLIST_KEY_UIMainStoryboardFile = Main;
				INFOPLIST_KEY_UISupportedInterfaceOrientations_iPad = "UIInterfaceOrientationPortrait UIInterfaceOrientationPortraitUpsideDown UIInterfaceOrientationLandscapeLeft UIInterfaceOrientationLandscapeRight";
				INFOPLIST_KEY_UISupportedInterfaceOrientations_iPhone = "UIInterfaceOrientationPortrait UIInterfaceOrientationLandscapeLeft UIInterfaceOrientationLandscapeRight";
				LD_RUNPATH_SEARCH_PATHS = (
					"$(inherited)",
					"@executable_path/Frameworks",
				);
				MARKETING_VERSION = 1.0;
				PRODUCT_BUNDLE_IDENTIFIER = "yeojin.SeSAC.RxSwift-Study";
				PRODUCT_NAME = "$(TARGET_NAME)";
				SUPPORTED_PLATFORMS = "iphoneos iphonesimulator";
				SUPPORTS_MACCATALYST = NO;
				SUPPORTS_MAC_DESIGNED_FOR_IPHONE_IPAD = NO;
				SWIFT_EMIT_LOC_STRINGS = YES;
				SWIFT_VERSION = 5.0;
				TARGETED_DEVICE_FAMILY = 1;
			};
			name = Debug;
		};
		AE02E494290D83B200CCAE15 /* Release */ = {
			isa = XCBuildConfiguration;
			buildSettings = {
				ASSETCATALOG_COMPILER_APPICON_NAME = AppIcon;
				ASSETCATALOG_COMPILER_GLOBAL_ACCENT_COLOR_NAME = AccentColor;
				CODE_SIGN_STYLE = Automatic;
				CURRENT_PROJECT_VERSION = 1;
				DEVELOPMENT_TEAM = 7HN73WS8Q5;
				GENERATE_INFOPLIST_FILE = YES;
				INFOPLIST_FILE = RxSwift_Study/Info.plist;
				INFOPLIST_KEY_UIApplicationSupportsIndirectInputEvents = YES;
				INFOPLIST_KEY_UILaunchStoryboardName = LaunchScreen;
				INFOPLIST_KEY_UIMainStoryboardFile = Main;
				INFOPLIST_KEY_UISupportedInterfaceOrientations_iPad = "UIInterfaceOrientationPortrait UIInterfaceOrientationPortraitUpsideDown UIInterfaceOrientationLandscapeLeft UIInterfaceOrientationLandscapeRight";
				INFOPLIST_KEY_UISupportedInterfaceOrientations_iPhone = "UIInterfaceOrientationPortrait UIInterfaceOrientationLandscapeLeft UIInterfaceOrientationLandscapeRight";
				LD_RUNPATH_SEARCH_PATHS = (
					"$(inherited)",
					"@executable_path/Frameworks",
				);
				MARKETING_VERSION = 1.0;
				PRODUCT_BUNDLE_IDENTIFIER = "yeojin.SeSAC.RxSwift-Study";
				PRODUCT_NAME = "$(TARGET_NAME)";
				SUPPORTED_PLATFORMS = "iphoneos iphonesimulator";
				SUPPORTS_MACCATALYST = NO;
				SUPPORTS_MAC_DESIGNED_FOR_IPHONE_IPAD = NO;
				SWIFT_EMIT_LOC_STRINGS = YES;
				SWIFT_VERSION = 5.0;
				TARGETED_DEVICE_FAMILY = 1;
			};
			name = Release;
		};
/* End XCBuildConfiguration section */

/* Begin XCConfigurationList section */
		AE02E479290D83B100CCAE15 /* Build configuration list for PBXProject "RxSwift_Study" */ = {
			isa = XCConfigurationList;
			buildConfigurations = (
				AE02E490290D83B200CCAE15 /* Debug */,
				AE02E491290D83B200CCAE15 /* Release */,
			);
			defaultConfigurationIsVisible = 0;
			defaultConfigurationName = Release;
		};
		AE02E492290D83B200CCAE15 /* Build configuration list for PBXNativeTarget "RxSwift_Study" */ = {
			isa = XCConfigurationList;
			buildConfigurations = (
				AE02E493290D83B200CCAE15 /* Debug */,
				AE02E494290D83B200CCAE15 /* Release */,
			);
			defaultConfigurationIsVisible = 0;
			defaultConfigurationName = Release;
		};
/* End XCConfigurationList section */

/* Begin XCRemoteSwiftPackageReference section */
		AE02E4B5290E9D6C00CCAE15 /* XCRemoteSwiftPackageReference "RxSwift" */ = {
			isa = XCRemoteSwiftPackageReference;
			repositoryURL = "https://github.com/ReactiveX/RxSwift.git";
			requirement = {
				kind = upToNextMajorVersion;
				minimumVersion = 6.0.0;
			};
		};
		AE02E4BA290E9D7B00CCAE15 /* XCRemoteSwiftPackageReference "Then" */ = {
			isa = XCRemoteSwiftPackageReference;
			repositoryURL = "https://github.com/devxoul/Then";
			requirement = {
				kind = upToNextMajorVersion;
				minimumVersion = 3.0.0;
			};
		};
		AE02E4BD290E9D8A00CCAE15 /* XCRemoteSwiftPackageReference "SnapKit" */ = {
			isa = XCRemoteSwiftPackageReference;
			repositoryURL = "https://github.com/SnapKit/SnapKit";
			requirement = {
				kind = upToNextMajorVersion;
				minimumVersion = 5.0.0;
			};
		};
		AE02E4C0290E9D9800CCAE15 /* XCRemoteSwiftPackageReference "Alamofire" */ = {
			isa = XCRemoteSwiftPackageReference;
			repositoryURL = "https://github.com/Alamofire/Alamofire";
			requirement = {
				kind = upToNextMajorVersion;
				minimumVersion = 5.0.0;
			};
		};
/* End XCRemoteSwiftPackageReference section */

/* Begin XCSwiftPackageProductDependency section */
		AE02E4B6290E9D6C00CCAE15 /* RxCocoa */ = {
			isa = XCSwiftPackageProductDependency;
			package = AE02E4B5290E9D6C00CCAE15 /* XCRemoteSwiftPackageReference "RxSwift" */;
			productName = RxCocoa;
		};
		AE02E4B8290E9D6C00CCAE15 /* RxSwift */ = {
			isa = XCSwiftPackageProductDependency;
			package = AE02E4B5290E9D6C00CCAE15 /* XCRemoteSwiftPackageReference "RxSwift" */;
			productName = RxSwift;
		};
		AE02E4BB290E9D7B00CCAE15 /* Then */ = {
			isa = XCSwiftPackageProductDependency;
			package = AE02E4BA290E9D7B00CCAE15 /* XCRemoteSwiftPackageReference "Then" */;
			productName = Then;
		};
		AE02E4BE290E9D8A00CCAE15 /* SnapKit */ = {
			isa = XCSwiftPackageProductDependency;
			package = AE02E4BD290E9D8A00CCAE15 /* XCRemoteSwiftPackageReference "SnapKit" */;
			productName = SnapKit;
		};
		AE02E4C1290E9D9800CCAE15 /* Alamofire */ = {
			isa = XCSwiftPackageProductDependency;
			package = AE02E4C0290E9D9800CCAE15 /* XCRemoteSwiftPackageReference "Alamofire" */;
			productName = Alamofire;
		};
/* End XCSwiftPackageProductDependency section */
	};
	rootObject = AE02E476290D83B100CCAE15 /* Project object */;
}
